// !$*UTF8*$!
{
	archiveVersion = 1;
	classes = {
	};
	objectVersion = 50;
	objects = {

/* Begin PBXBuildFile section */
		5649804321F5ED1B00905409 /* NSString+ProjectAdditions.m in Sources */ = {isa = PBXBuildFile; fileRef = 5649803F21F5ED1B00905409 /* NSString+ProjectAdditions.m */; };
		5649804421F5ED1B00905409 /* NSDate+ProjectAdditions.m in Sources */ = {isa = PBXBuildFile; fileRef = 5649804221F5ED1B00905409 /* NSDate+ProjectAdditions.m */; };
		568D0DD521F7505700A9E165 /* SSLSockets.framework in Frameworks */ = {isa = PBXBuildFile; fileRef = 568D0DC721F7504300A9E165 /* SSLSockets.framework */; };
		56B7B94221E4F76000EDAB1D /* AppDelegate.mm in Sources */ = {isa = PBXBuildFile; fileRef = 56B7B94121E4F76000EDAB1D /* AppDelegate.mm */; };
		56B7B94821E4F76000EDAB1D /* Main.storyboard in Resources */ = {isa = PBXBuildFile; fileRef = 56B7B94621E4F76000EDAB1D /* Main.storyboard */; };
		56B7B94B21E4F76000EDAB1D /* IACReceiver.xcdatamodeld in Sources */ = {isa = PBXBuildFile; fileRef = 56B7B94921E4F76000EDAB1D /* IACReceiver.xcdatamodeld */; };
		56B7B94D21E4F76000EDAB1D /* Assets.xcassets in Resources */ = {isa = PBXBuildFile; fileRef = 56B7B94C21E4F76000EDAB1D /* Assets.xcassets */; };
		56B7B95021E4F76000EDAB1D /* LaunchScreen.storyboard in Resources */ = {isa = PBXBuildFile; fileRef = 56B7B94E21E4F76000EDAB1D /* LaunchScreen.storyboard */; };
		56B7B95321E4F76100EDAB1D /* main.mm in Sources */ = {isa = PBXBuildFile; fileRef = 56B7B95221E4F76100EDAB1D /* main.mm */; };
		56B7B95C21E4FB4D00EDAB1D /* SendViewController.mm in Sources */ = {isa = PBXBuildFile; fileRef = 56B7B95B21E4FB4D00EDAB1D /* SendViewController.mm */; };
		56B7B95F21E4FC0600EDAB1D /* ReceivedTableViewController.mm in Sources */ = {isa = PBXBuildFile; fileRef = 56B7B95E21E4FC0600EDAB1D /* ReceivedTableViewController.mm */; };
		56B7B96321E4FC5100EDAB1D /* ReceivedURLCell.m in Sources */ = {isa = PBXBuildFile; fileRef = 56B7B96221E4FC5100EDAB1D /* ReceivedURLCell.m */; };
		56B7B97421E50B5800EDAB1D /* CoreData.framework in Frameworks */ = {isa = PBXBuildFile; fileRef = 56B7B97321E50B5700EDAB1D /* CoreData.framework */; };
		56B7B97721E5EBE900EDAB1D /* NetworkManager.mm in Sources */ = {isa = PBXBuildFile; fileRef = 56B7B97621E5EBE900EDAB1D /* NetworkManager.mm */; };
		56B7B9EC21E6104D00EDAB1D /* CoreDataManager.mm in Sources */ = {isa = PBXBuildFile; fileRef = 56B7B9EB21E6104D00EDAB1D /* CoreDataManager.mm */; };
		56DC639821F0D03500331A6F /* ProjectConstants.m in Sources */ = {isa = PBXBuildFile; fileRef = 56DC639721F0D03500331A6F /* ProjectConstants.m */; };
		56DC639C21F0D5CF00331A6F /* URLsocketDelegate.mm in Sources */ = {isa = PBXBuildFile; fileRef = 56DC639B21F0D5CF00331A6F /* URLsocketDelegate.mm */; };
		56DC63A121F0D7B300331A6F /* WebSite+CoreDataClass.m in Sources */ = {isa = PBXBuildFile; fileRef = 56DC639F21F0D7B300331A6F /* WebSite+CoreDataClass.m */; };
		56DC63A221F0D7B300331A6F /* WebSite+CoreDataProperties.m in Sources */ = {isa = PBXBuildFile; fileRef = 56DC63A021F0D7B300331A6F /* WebSite+CoreDataProperties.m */; };
/* End PBXBuildFile section */

/* Begin PBXContainerItemProxy section */
		568D0DC621F7504300A9E165 /* PBXContainerItemProxy */ = {
			isa = PBXContainerItemProxy;
			containerPortal = 568D0DC121F7504300A9E165 /* SSLSockets.xcodeproj */;
			proxyType = 2;
			remoteGlobalIDString = 565EF33E21F71CEC00AC36B3;
			remoteInfo = "iOS SSLSockets";
		};
		568D0DC821F7504300A9E165 /* PBXContainerItemProxy */ = {
			isa = PBXContainerItemProxy;
			containerPortal = 568D0DC121F7504300A9E165 /* SSLSockets.xcodeproj */;
			proxyType = 2;
			remoteGlobalIDString = 565EF34E21F71D5F00AC36B3;
			remoteInfo = "macOS SSLSockets";
		};
		568D0DD321F7504F00A9E165 /* PBXContainerItemProxy */ = {
			isa = PBXContainerItemProxy;
			containerPortal = 568D0DC121F7504300A9E165 /* SSLSockets.xcodeproj */;
			proxyType = 1;
			remoteGlobalIDString = 565EF33D21F71CEC00AC36B3;
			remoteInfo = "iOS SSLSockets";
		};
/* End PBXContainerItemProxy section */

/* Begin PBXCopyFilesBuildPhase section */
		565EF50521F7277100AC36B3 /* Embed Frameworks */ = {
			isa = PBXCopyFilesBuildPhase;
			buildActionMask = 2147483647;
			dstPath = "";
			dstSubfolderSpec = 10;
			files = (
			);
			name = "Embed Frameworks";
			runOnlyForDeploymentPostprocessing = 0;
		};
/* End PBXCopyFilesBuildPhase section */

/* Begin PBXFileReference section */
		5649803F21F5ED1B00905409 /* NSString+ProjectAdditions.m */ = {isa = PBXFileReference; fileEncoding = 4; lastKnownFileType = sourcecode.c.objc; path = "NSString+ProjectAdditions.m"; sourceTree = "<group>"; };
		5649804021F5ED1B00905409 /* NSDate+ProjectAdditions.h */ = {isa = PBXFileReference; fileEncoding = 4; lastKnownFileType = sourcecode.c.h; path = "NSDate+ProjectAdditions.h"; sourceTree = "<group>"; };
		5649804121F5ED1B00905409 /* NSString+ProjectAdditions.h */ = {isa = PBXFileReference; fileEncoding = 4; lastKnownFileType = sourcecode.c.h; path = "NSString+ProjectAdditions.h"; sourceTree = "<group>"; };
		5649804221F5ED1B00905409 /* NSDate+ProjectAdditions.m */ = {isa = PBXFileReference; fileEncoding = 4; lastKnownFileType = sourcecode.c.objc; path = "NSDate+ProjectAdditions.m"; sourceTree = "<group>"; };
		568D0DC121F7504300A9E165 /* SSLSockets.xcodeproj */ = {isa = PBXFileReference; lastKnownFileType = "wrapper.pb-project"; name = SSLSockets.xcodeproj; path = ../SSLSockets/SSLSockets.xcodeproj; sourceTree = "<group>"; };
		56B7B93D21E4F76000EDAB1D /* IAReceiver.app */ = {isa = PBXFileReference; explicitFileType = wrapper.application; includeInIndex = 0; path = IAReceiver.app; sourceTree = BUILT_PRODUCTS_DIR; };
		56B7B94021E4F76000EDAB1D /* AppDelegate.h */ = {isa = PBXFileReference; lastKnownFileType = sourcecode.c.h; path = AppDelegate.h; sourceTree = "<group>"; };
		56B7B94121E4F76000EDAB1D /* AppDelegate.mm */ = {isa = PBXFileReference; lastKnownFileType = sourcecode.cpp.objcpp; path = AppDelegate.mm; sourceTree = "<group>"; };
		56B7B94721E4F76000EDAB1D /* Base */ = {isa = PBXFileReference; lastKnownFileType = file.storyboard; name = Base; path = Base.lproj/Main.storyboard; sourceTree = "<group>"; };
		56B7B94A21E4F76000EDAB1D /* IACSender.xcdatamodel */ = {isa = PBXFileReference; lastKnownFileType = wrapper.xcdatamodel; path = IACSender.xcdatamodel; sourceTree = "<group>"; };
		56B7B94C21E4F76000EDAB1D /* Assets.xcassets */ = {isa = PBXFileReference; lastKnownFileType = folder.assetcatalog; path = Assets.xcassets; sourceTree = "<group>"; };
		56B7B94F21E4F76000EDAB1D /* Base */ = {isa = PBXFileReference; lastKnownFileType = file.storyboard; name = Base; path = Base.lproj/LaunchScreen.storyboard; sourceTree = "<group>"; };
		56B7B95121E4F76100EDAB1D /* Info.plist */ = {isa = PBXFileReference; lastKnownFileType = text.plist.xml; path = Info.plist; sourceTree = "<group>"; };
		56B7B95221E4F76100EDAB1D /* main.mm */ = {isa = PBXFileReference; lastKnownFileType = sourcecode.cpp.objcpp; path = main.mm; sourceTree = "<group>"; };
		56B7B95A21E4FB4D00EDAB1D /* SendViewController.h */ = {isa = PBXFileReference; lastKnownFileType = sourcecode.c.h; path = SendViewController.h; sourceTree = "<group>"; };
		56B7B95B21E4FB4D00EDAB1D /* SendViewController.mm */ = {isa = PBXFileReference; lastKnownFileType = sourcecode.cpp.objcpp; path = SendViewController.mm; sourceTree = "<group>"; };
		56B7B95D21E4FC0600EDAB1D /* ReceivedTableViewController.h */ = {isa = PBXFileReference; lastKnownFileType = sourcecode.c.h; path = ReceivedTableViewController.h; sourceTree = "<group>"; };
		56B7B95E21E4FC0600EDAB1D /* ReceivedTableViewController.mm */ = {isa = PBXFileReference; lastKnownFileType = sourcecode.cpp.objcpp; path = ReceivedTableViewController.mm; sourceTree = "<group>"; };
		56B7B96121E4FC5100EDAB1D /* ReceivedURLCell.h */ = {isa = PBXFileReference; lastKnownFileType = sourcecode.c.h; path = ReceivedURLCell.h; sourceTree = "<group>"; };
		56B7B96221E4FC5100EDAB1D /* ReceivedURLCell.m */ = {isa = PBXFileReference; lastKnownFileType = sourcecode.c.objc; path = ReceivedURLCell.m; sourceTree = "<group>"; };
		56B7B97321E50B5700EDAB1D /* CoreData.framework */ = {isa = PBXFileReference; lastKnownFileType = wrapper.framework; name = CoreData.framework; path = System/Library/Frameworks/CoreData.framework; sourceTree = SDKROOT; };
		56B7B97521E5EBE900EDAB1D /* NetworkManager.h */ = {isa = PBXFileReference; lastKnownFileType = sourcecode.c.h; path = NetworkManager.h; sourceTree = "<group>"; };
		56B7B97621E5EBE900EDAB1D /* NetworkManager.mm */ = {isa = PBXFileReference; lastKnownFileType = sourcecode.cpp.objcpp; path = NetworkManager.mm; sourceTree = "<group>"; };
		56B7B9EA21E6104D00EDAB1D /* CoreDataManager.h */ = {isa = PBXFileReference; lastKnownFileType = sourcecode.c.h; path = CoreDataManager.h; sourceTree = "<group>"; };
		56B7B9EB21E6104D00EDAB1D /* CoreDataManager.mm */ = {isa = PBXFileReference; lastKnownFileType = sourcecode.cpp.objcpp; path = CoreDataManager.mm; sourceTree = "<group>"; };
		56DC639621F0C06200331A6F /* SocketConnectionDelegate.h */ = {isa = PBXFileReference; lastKnownFileType = sourcecode.c.h; path = SocketConnectionDelegate.h; sourceTree = "<group>"; };
		56DC639721F0D03500331A6F /* ProjectConstants.m */ = {isa = PBXFileReference; lastKnownFileType = sourcecode.c.objc; path = ProjectConstants.m; sourceTree = "<group>"; };
		56DC639921F0D0F100331A6F /* ProjectConstants.h */ = {isa = PBXFileReference; lastKnownFileType = sourcecode.c.h; path = ProjectConstants.h; sourceTree = "<group>"; };
		56DC639A21F0D5CF00331A6F /* URLSocketDelegate.h */ = {isa = PBXFileReference; lastKnownFileType = sourcecode.c.h; path = URLSocketDelegate.h; sourceTree = "<group>"; };
		56DC639B21F0D5CF00331A6F /* URLsocketDelegate.mm */ = {isa = PBXFileReference; lastKnownFileType = sourcecode.cpp.objcpp; path = URLsocketDelegate.mm; sourceTree = "<group>"; };
		56DC639D21F0D7B300331A6F /* WebSite+CoreDataProperties.h */ = {isa = PBXFileReference; lastKnownFileType = sourcecode.c.h; path = "WebSite+CoreDataProperties.h"; sourceTree = "<group>"; };
		56DC639E21F0D7B300331A6F /* WebSite+CoreDataClass.h */ = {isa = PBXFileReference; lastKnownFileType = sourcecode.c.h; path = "WebSite+CoreDataClass.h"; sourceTree = "<group>"; };
		56DC639F21F0D7B300331A6F /* WebSite+CoreDataClass.m */ = {isa = PBXFileReference; lastKnownFileType = sourcecode.c.objc; path = "WebSite+CoreDataClass.m"; sourceTree = "<group>"; };
		56DC63A021F0D7B300331A6F /* WebSite+CoreDataProperties.m */ = {isa = PBXFileReference; lastKnownFileType = sourcecode.c.objc; path = "WebSite+CoreDataProperties.m"; sourceTree = "<group>"; };
		56DC63A621F0DF7700331A6F /* ReceivedWebSiteHandler.h */ = {isa = PBXFileReference; lastKnownFileType = sourcecode.c.h; path = ReceivedWebSiteHandler.h; sourceTree = "<group>"; };
/* End PBXFileReference section */

/* Begin PBXFrameworksBuildPhase section */
		56B7B93A21E4F76000EDAB1D /* Frameworks */ = {
			isa = PBXFrameworksBuildPhase;
			buildActionMask = 2147483647;
			files = (
				568D0DD521F7505700A9E165 /* SSLSockets.framework in Frameworks */,
				56B7B97421E50B5800EDAB1D /* CoreData.framework in Frameworks */,
			);
			runOnlyForDeploymentPostprocessing = 0;
		};
/* End PBXFrameworksBuildPhase section */

/* Begin PBXGroup section */
		5649803E21F5ED1B00905409 /* Categories */ = {
			isa = PBXGroup;
			children = (
				5649804021F5ED1B00905409 /* NSDate+ProjectAdditions.h */,
				5649804221F5ED1B00905409 /* NSDate+ProjectAdditions.m */,
				5649804121F5ED1B00905409 /* NSString+ProjectAdditions.h */,
				5649803F21F5ED1B00905409 /* NSString+ProjectAdditions.m */,
			);
			path = Categories;
			sourceTree = "<group>";
		};
		568D0DC221F7504300A9E165 /* Products */ = {
			isa = PBXGroup;
			children = (
				568D0DC721F7504300A9E165 /* SSLSockets.framework */,
				568D0DC921F7504300A9E165 /* SSLSockets.framework */,
			);
			name = Products;
			sourceTree = "<group>";
		};
		56B7B93421E4F76000EDAB1D = {
			isa = PBXGroup;
			children = (
				568D0DC121F7504300A9E165 /* SSLSockets.xcodeproj */,
				56B7B93F21E4F76000EDAB1D /* IACReceiver */,
				56B7B93E21E4F76000EDAB1D /* Products */,
				56B7B97221E50B5700EDAB1D /* Frameworks */,
			);
			sourceTree = "<group>";
		};
		56B7B93E21E4F76000EDAB1D /* Products */ = {
			isa = PBXGroup;
			children = (
				56B7B93D21E4F76000EDAB1D /* IAReceiver.app */,
			);
			name = Products;
			sourceTree = "<group>";
		};
		56B7B93F21E4F76000EDAB1D /* IACReceiver */ = {
			isa = PBXGroup;
			children = (
				56DC639921F0D0F100331A6F /* ProjectConstants.h */,
				56DC639721F0D03500331A6F /* ProjectConstants.m */,
				56B7B97021E4FF8700EDAB1D /* Models */,
				56B7B96021E4FC3900EDAB1D /* Views */,
				56B7B95921E4FB2400EDAB1D /* Controllers */,
				56B7B94021E4F76000EDAB1D /* AppDelegate.h */,
				56B7B94121E4F76000EDAB1D /* AppDelegate.mm */,
				56B7B95121E4F76100EDAB1D /* Info.plist */,
				56B7B94C21E4F76000EDAB1D /* Assets.xcassets */,
				56B7B94621E4F76000EDAB1D /* Main.storyboard */,
				56B7B94E21E4F76000EDAB1D /* LaunchScreen.storyboard */,
				56B7B94921E4F76000EDAB1D /* IACReceiver.xcdatamodeld */,
				56B7B95221E4F76100EDAB1D /* main.mm */,
			);
			path = IACReceiver;
			sourceTree = "<group>";
		};
		56B7B95921E4FB2400EDAB1D /* Controllers */ = {
			isa = PBXGroup;
			children = (
				56B7B95A21E4FB4D00EDAB1D /* SendViewController.h */,
				56B7B95B21E4FB4D00EDAB1D /* SendViewController.mm */,
				56B7B95D21E4FC0600EDAB1D /* ReceivedTableViewController.h */,
				56B7B95E21E4FC0600EDAB1D /* ReceivedTableViewController.mm */,
			);
			path = Controllers;
			sourceTree = "<group>";
		};
		56B7B96021E4FC3900EDAB1D /* Views */ = {
			isa = PBXGroup;
			children = (
				56B7B96121E4FC5100EDAB1D /* ReceivedURLCell.h */,
				56B7B96221E4FC5100EDAB1D /* ReceivedURLCell.m */,
			);
			path = Views;
			sourceTree = "<group>";
		};
		56B7B97021E4FF8700EDAB1D /* Models */ = {
			isa = PBXGroup;
			children = (
				56DC639421F0BFE400331A6F /* Networking */,
				56DC639521F0BFEE00331A6F /* CoreData */,
				5649803E21F5ED1B00905409 /* Categories */,
				56DC639A21F0D5CF00331A6F /* URLSocketDelegate.h */,
				56DC639B21F0D5CF00331A6F /* URLsocketDelegate.mm */,
				56DC63A621F0DF7700331A6F /* ReceivedWebSiteHandler.h */,
			);
			path = Models;
			sourceTree = "<group>";
		};
		56B7B97221E50B5700EDAB1D /* Frameworks */ = {
			isa = PBXGroup;
			children = (
				56B7B97321E50B5700EDAB1D /* CoreData.framework */,
			);
			name = Frameworks;
			sourceTree = "<group>";
		};
		56DC639421F0BFE400331A6F /* Networking */ = {
			isa = PBXGroup;
			children = (
				56B7B97521E5EBE900EDAB1D /* NetworkManager.h */,
				56B7B97621E5EBE900EDAB1D /* NetworkManager.mm */,
				56DC639621F0C06200331A6F /* SocketConnectionDelegate.h */,
			);
			path = Networking;
			sourceTree = "<group>";
		};
		56DC639521F0BFEE00331A6F /* CoreData */ = {
			isa = PBXGroup;
			children = (
				56B7B9EA21E6104D00EDAB1D /* CoreDataManager.h */,
				56B7B9EB21E6104D00EDAB1D /* CoreDataManager.mm */,
				56DC63BE21F2097D00331A6F /* CDModels */,
			);
			path = CoreData;
			sourceTree = "<group>";
		};
		56DC63BE21F2097D00331A6F /* CDModels */ = {
			isa = PBXGroup;
			children = (
				56DC639E21F0D7B300331A6F /* WebSite+CoreDataClass.h */,
				56DC639F21F0D7B300331A6F /* WebSite+CoreDataClass.m */,
				56DC639D21F0D7B300331A6F /* WebSite+CoreDataProperties.h */,
				56DC63A021F0D7B300331A6F /* WebSite+CoreDataProperties.m */,
			);
			path = CDModels;
			sourceTree = "<group>";
		};
/* End PBXGroup section */

/* Begin PBXNativeTarget section */
		56B7B93C21E4F76000EDAB1D /* IAReceiver */ = {
			isa = PBXNativeTarget;
			buildConfigurationList = 56B7B95621E4F76100EDAB1D /* Build configuration list for PBXNativeTarget "IAReceiver" */;
			buildPhases = (
				56B7B93921E4F76000EDAB1D /* Sources */,
				56B7B93A21E4F76000EDAB1D /* Frameworks */,
				56B7B93B21E4F76000EDAB1D /* Resources */,
				565EF50521F7277100AC36B3 /* Embed Frameworks */,
			);
			buildRules = (
			);
			dependencies = (
				568D0DD421F7504F00A9E165 /* PBXTargetDependency */,
			);
			name = IAReceiver;
			productName = IACSender;
			productReference = 56B7B93D21E4F76000EDAB1D /* IAReceiver.app */;
			productType = "com.apple.product-type.application";
		};
/* End PBXNativeTarget section */

/* Begin PBXProject section */
		56B7B93521E4F76000EDAB1D /* Project object */ = {
			isa = PBXProject;
			attributes = {
				LastUpgradeCheck = 1010;
				ORGANIZATIONNAME = SoftServe;
				TargetAttributes = {
					56B7B93C21E4F76000EDAB1D = {
						CreatedOnToolsVersion = 10.1;
					};
				};
			};
			buildConfigurationList = 56B7B93821E4F76000EDAB1D /* Build configuration list for PBXProject "IAReceiver" */;
			compatibilityVersion = "Xcode 9.3";
			developmentRegion = en;
			hasScannedForEncodings = 0;
			knownRegions = (
				en,
				Base,
			);
			mainGroup = 56B7B93421E4F76000EDAB1D;
			productRefGroup = 56B7B93E21E4F76000EDAB1D /* Products */;
			projectDirPath = "";
			projectReferences = (
				{
					ProductGroup = 568D0DC221F7504300A9E165 /* Products */;
					ProjectRef = 568D0DC121F7504300A9E165 /* SSLSockets.xcodeproj */;
				},
			);
			projectRoot = "";
			targets = (
				56B7B93C21E4F76000EDAB1D /* IAReceiver */,
			);
		};
/* End PBXProject section */

/* Begin PBXReferenceProxy section */
		568D0DC721F7504300A9E165 /* SSLSockets.framework */ = {
			isa = PBXReferenceProxy;
			fileType = wrapper.framework;
			path = SSLSockets.framework;
			remoteRef = 568D0DC621F7504300A9E165 /* PBXContainerItemProxy */;
			sourceTree = BUILT_PRODUCTS_DIR;
		};
		568D0DC921F7504300A9E165 /* SSLSockets.framework */ = {
			isa = PBXReferenceProxy;
			fileType = wrapper.framework;
			path = SSLSockets.framework;
			remoteRef = 568D0DC821F7504300A9E165 /* PBXContainerItemProxy */;
			sourceTree = BUILT_PRODUCTS_DIR;
		};
/* End PBXReferenceProxy section */

/* Begin PBXResourcesBuildPhase section */
		56B7B93B21E4F76000EDAB1D /* Resources */ = {
			isa = PBXResourcesBuildPhase;
			buildActionMask = 2147483647;
			files = (
				56B7B95021E4F76000EDAB1D /* LaunchScreen.storyboard in Resources */,
				56B7B94D21E4F76000EDAB1D /* Assets.xcassets in Resources */,
				56B7B94821E4F76000EDAB1D /* Main.storyboard in Resources */,
			);
			runOnlyForDeploymentPostprocessing = 0;
		};
/* End PBXResourcesBuildPhase section */

/* Begin PBXSourcesBuildPhase section */
		56B7B93921E4F76000EDAB1D /* Sources */ = {
			isa = PBXSourcesBuildPhase;
			buildActionMask = 2147483647;
			files = (
				5649804421F5ED1B00905409 /* NSDate+ProjectAdditions.m in Sources */,
				56DC63A221F0D7B300331A6F /* WebSite+CoreDataProperties.m in Sources */,
				56B7B95C21E4FB4D00EDAB1D /* SendViewController.mm in Sources */,
				56B7B94B21E4F76000EDAB1D /* IACReceiver.xcdatamodeld in Sources */,
				56DC639C21F0D5CF00331A6F /* URLsocketDelegate.mm in Sources */,
				56B7B95321E4F76100EDAB1D /* main.mm in Sources */,
				5649804321F5ED1B00905409 /* NSString+ProjectAdditions.m in Sources */,
				56DC639821F0D03500331A6F /* ProjectConstants.m in Sources */,
				56B7B94221E4F76000EDAB1D /* AppDelegate.mm in Sources */,
				56B7B9EC21E6104D00EDAB1D /* CoreDataManager.mm in Sources */,
				56DC63A121F0D7B300331A6F /* WebSite+CoreDataClass.m in Sources */,
				56B7B96321E4FC5100EDAB1D /* ReceivedURLCell.m in Sources */,
				56B7B97721E5EBE900EDAB1D /* NetworkManager.mm in Sources */,
				56B7B95F21E4FC0600EDAB1D /* ReceivedTableViewController.mm in Sources */,
			);
			runOnlyForDeploymentPostprocessing = 0;
		};
/* End PBXSourcesBuildPhase section */

/* Begin PBXTargetDependency section */
		568D0DD421F7504F00A9E165 /* PBXTargetDependency */ = {
			isa = PBXTargetDependency;
			name = "iOS SSLSockets";
			targetProxy = 568D0DD321F7504F00A9E165 /* PBXContainerItemProxy */;
		};
/* End PBXTargetDependency section */

/* Begin PBXVariantGroup section */
		56B7B94621E4F76000EDAB1D /* Main.storyboard */ = {
			isa = PBXVariantGroup;
			children = (
				56B7B94721E4F76000EDAB1D /* Base */,
			);
			name = Main.storyboard;
			sourceTree = "<group>";
		};
		56B7B94E21E4F76000EDAB1D /* LaunchScreen.storyboard */ = {
			isa = PBXVariantGroup;
			children = (
				56B7B94F21E4F76000EDAB1D /* Base */,
			);
			name = LaunchScreen.storyboard;
			sourceTree = "<group>";
		};
/* End PBXVariantGroup section */

/* Begin XCBuildConfiguration section */
		56B7B95421E4F76100EDAB1D /* Debug */ = {
			isa = XCBuildConfiguration;
			buildSettings = {
				ALWAYS_SEARCH_USER_PATHS = NO;
				CLANG_ANALYZER_NONNULL = YES;
				CLANG_ANALYZER_NUMBER_OBJECT_CONVERSION = YES_AGGRESSIVE;
				CLANG_CXX_LANGUAGE_STANDARD = "gnu++14";
				CLANG_CXX_LIBRARY = "libc++";
				CLANG_ENABLE_MODULES = YES;
				CLANG_ENABLE_OBJC_ARC = YES;
				CLANG_ENABLE_OBJC_WEAK = YES;
				CLANG_WARN_BLOCK_CAPTURE_AUTORELEASING = YES;
				CLANG_WARN_BOOL_CONVERSION = YES;
				CLANG_WARN_COMMA = YES;
				CLANG_WARN_CONSTANT_CONVERSION = YES;
				CLANG_WARN_DEPRECATED_OBJC_IMPLEMENTATIONS = YES;
				CLANG_WARN_DIRECT_OBJC_ISA_USAGE = YES_ERROR;
				CLANG_WARN_DOCUMENTATION_COMMENTS = YES;
				CLANG_WARN_EMPTY_BODY = YES;
				CLANG_WARN_ENUM_CONVERSION = YES;
				CLANG_WARN_INFINITE_RECURSION = YES;
				CLANG_WARN_INT_CONVERSION = YES;
				CLANG_WARN_NON_LITERAL_NULL_CONVERSION = YES;
				CLANG_WARN_OBJC_IMPLICIT_RETAIN_SELF = YES;
				CLANG_WARN_OBJC_LITERAL_CONVERSION = YES;
				CLANG_WARN_OBJC_ROOT_CLASS = YES_ERROR;
				CLANG_WARN_RANGE_LOOP_ANALYSIS = YES;
				CLANG_WARN_STRICT_PROTOTYPES = YES;
				CLANG_WARN_SUSPICIOUS_MOVE = YES;
				CLANG_WARN_UNGUARDED_AVAILABILITY = YES_AGGRESSIVE;
				CLANG_WARN_UNREACHABLE_CODE = YES;
				CLANG_WARN__DUPLICATE_METHOD_MATCH = YES;
				CODE_SIGN_IDENTITY = "iPhone Developer";
				COPY_PHASE_STRIP = NO;
				DEBUG_INFORMATION_FORMAT = dwarf;
				ENABLE_STRICT_OBJC_MSGSEND = YES;
				ENABLE_TESTABILITY = YES;
				GCC_C_LANGUAGE_STANDARD = gnu11;
				GCC_DYNAMIC_NO_PIC = NO;
				GCC_NO_COMMON_BLOCKS = YES;
				GCC_OPTIMIZATION_LEVEL = 0;
				GCC_PREPROCESSOR_DEFINITIONS = (
					"DEBUG=1",
					"$(inherited)",
				);
				GCC_WARN_64_TO_32_BIT_CONVERSION = YES;
				GCC_WARN_ABOUT_RETURN_TYPE = YES_ERROR;
				GCC_WARN_UNDECLARED_SELECTOR = YES;
				GCC_WARN_UNINITIALIZED_AUTOS = YES_AGGRESSIVE;
				GCC_WARN_UNUSED_FUNCTION = YES;
				GCC_WARN_UNUSED_VARIABLE = YES;
				IPHONEOS_DEPLOYMENT_TARGET = 12.1;
				MTL_ENABLE_DEBUG_INFO = INCLUDE_SOURCE;
				MTL_FAST_MATH = YES;
				ONLY_ACTIVE_ARCH = YES;
				SDKROOT = iphoneos;
			};
			name = Debug;
		};
		56B7B95521E4F76100EDAB1D /* Release */ = {
			isa = XCBuildConfiguration;
			buildSettings = {
				ALWAYS_SEARCH_USER_PATHS = NO;
				CLANG_ANALYZER_NONNULL = YES;
				CLANG_ANALYZER_NUMBER_OBJECT_CONVERSION = YES_AGGRESSIVE;
				CLANG_CXX_LANGUAGE_STANDARD = "gnu++14";
				CLANG_CXX_LIBRARY = "libc++";
				CLANG_ENABLE_MODULES = YES;
				CLANG_ENABLE_OBJC_ARC = YES;
				CLANG_ENABLE_OBJC_WEAK = YES;
				CLANG_WARN_BLOCK_CAPTURE_AUTORELEASING = YES;
				CLANG_WARN_BOOL_CONVERSION = YES;
				CLANG_WARN_COMMA = YES;
				CLANG_WARN_CONSTANT_CONVERSION = YES;
				CLANG_WARN_DEPRECATED_OBJC_IMPLEMENTATIONS = YES;
				CLANG_WARN_DIRECT_OBJC_ISA_USAGE = YES_ERROR;
				CLANG_WARN_DOCUMENTATION_COMMENTS = YES;
				CLANG_WARN_EMPTY_BODY = YES;
				CLANG_WARN_ENUM_CONVERSION = YES;
				CLANG_WARN_INFINITE_RECURSION = YES;
				CLANG_WARN_INT_CONVERSION = YES;
				CLANG_WARN_NON_LITERAL_NULL_CONVERSION = YES;
				CLANG_WARN_OBJC_IMPLICIT_RETAIN_SELF = YES;
				CLANG_WARN_OBJC_LITERAL_CONVERSION = YES;
				CLANG_WARN_OBJC_ROOT_CLASS = YES_ERROR;
				CLANG_WARN_RANGE_LOOP_ANALYSIS = YES;
				CLANG_WARN_STRICT_PROTOTYPES = YES;
				CLANG_WARN_SUSPICIOUS_MOVE = YES;
				CLANG_WARN_UNGUARDED_AVAILABILITY = YES_AGGRESSIVE;
				CLANG_WARN_UNREACHABLE_CODE = YES;
				CLANG_WARN__DUPLICATE_METHOD_MATCH = YES;
				CODE_SIGN_IDENTITY = "iPhone Developer";
				COPY_PHASE_STRIP = NO;
				DEBUG_INFORMATION_FORMAT = "dwarf-with-dsym";
				ENABLE_NS_ASSERTIONS = NO;
				ENABLE_STRICT_OBJC_MSGSEND = YES;
				GCC_C_LANGUAGE_STANDARD = gnu11;
				GCC_NO_COMMON_BLOCKS = YES;
				GCC_WARN_64_TO_32_BIT_CONVERSION = YES;
				GCC_WARN_ABOUT_RETURN_TYPE = YES_ERROR;
				GCC_WARN_UNDECLARED_SELECTOR = YES;
				GCC_WARN_UNINITIALIZED_AUTOS = YES_AGGRESSIVE;
				GCC_WARN_UNUSED_FUNCTION = YES;
				GCC_WARN_UNUSED_VARIABLE = YES;
				IPHONEOS_DEPLOYMENT_TARGET = 12.1;
				MTL_ENABLE_DEBUG_INFO = NO;
				MTL_FAST_MATH = YES;
				SDKROOT = iphoneos;
				VALIDATE_PRODUCT = YES;
			};
			name = Release;
		};
		56B7B95721E4F76100EDAB1D /* Debug */ = {
			isa = XCBuildConfiguration;
			buildSettings = {
				ASSETCATALOG_COMPILER_APPICON_NAME = AppIcon;
				CODE_SIGN_STYLE = Automatic;
				DEVELOPMENT_TEAM = 3L5KV6CDC9;
				FRAMEWORK_SEARCH_PATHS = "";
				HEADER_SEARCH_PATHS = "$(SRCROOT)/../SSLSockets/SSLSockets/Sockets/OpenSSL/include";
				INFOPLIST_FILE = IACReceiver/Info.plist;
				LD_RUNPATH_SEARCH_PATHS = (
					"$(inherited)",
					"@executable_path/Frameworks",
				);
				LIBRARY_SEARCH_PATHS = "";
				PRODUCT_BUNDLE_IDENTIFIER = SoftServe.IACReceiver;
				PRODUCT_NAME = "$(TARGET_NAME)";
				TARGETED_DEVICE_FAMILY = "1,2";
			};
			name = Debug;
		};
		56B7B95821E4F76100EDAB1D /* Release */ = {
			isa = XCBuildConfiguration;
			buildSettings = {
				ASSETCATALOG_COMPILER_APPICON_NAME = AppIcon;
				CODE_SIGN_STYLE = Automatic;
				DEVELOPMENT_TEAM = 3L5KV6CDC9;
				FRAMEWORK_SEARCH_PATHS = "";
				HEADER_SEARCH_PATHS = "$(SRCROOT)/../SSLSockets/SSLSockets/Sockets/OpenSSL/include";
				INFOPLIST_FILE = IACReceiver/Info.plist;
				LD_RUNPATH_SEARCH_PATHS = (
					"$(inherited)",
					"@executable_path/Frameworks",
				);
				LIBRARY_SEARCH_PATHS = "";
				PRODUCT_BUNDLE_IDENTIFIER = SoftServe.IACReceiver;
				PRODUCT_NAME = "$(TARGET_NAME)";
				TARGETED_DEVICE_FAMILY = "1,2";
			};
			name = Release;
		};
/* End XCBuildConfiguration section */

/* Begin XCConfigurationList section */
		56B7B93821E4F76000EDAB1D /* Build configuration list for PBXProject "IAReceiver" */ = {
			isa = XCConfigurationList;
			buildConfigurations = (
				56B7B95421E4F76100EDAB1D /* Debug */,
				56B7B95521E4F76100EDAB1D /* Release */,
			);
			defaultConfigurationIsVisible = 0;
			defaultConfigurationName = Release;
		};
		56B7B95621E4F76100EDAB1D /* Build configuration list for PBXNativeTarget "IAReceiver" */ = {
			isa = XCConfigurationList;
			buildConfigurations = (
				56B7B95721E4F76100EDAB1D /* Debug */,
				56B7B95821E4F76100EDAB1D /* Release */,
			);
			defaultConfigurationIsVisible = 0;
			defaultConfigurationName = Release;
		};
/* End XCConfigurationList section */

/* Begin XCVersionGroup section */
		56B7B94921E4F76000EDAB1D /* IACReceiver.xcdatamodeld */ = {
			isa = XCVersionGroup;
			children = (
				56B7B94A21E4F76000EDAB1D /* IACSender.xcdatamodel */,
			);
			currentVersion = 56B7B94A21E4F76000EDAB1D /* IACSender.xcdatamodel */;
			path = IACReceiver.xcdatamodeld;
			sourceTree = "<group>";
			versionGroupType = wrapper.xcdatamodel;
		};
/* End XCVersionGroup section */
	};
	rootObject = 56B7B93521E4F76000EDAB1D /* Project object */;
}
